// !$*UTF8*$!
{
	archiveVersion = 1;
	classes = {
	};
	objectVersion = 56;
	objects = {

/* Begin PBXBuildFile section */
		19174D242B73B89A005F62DE /* background.js in Resources */ = {isa = PBXBuildFile; fileRef = 19174D182B73B89A005F62DE /* background.js */; };
		19174D282B73B89A005F62DE /* manifest.json in Resources */ = {isa = PBXBuildFile; fileRef = 19174D1D2B73B89A005F62DE /* manifest.json */; };
		19174D2B2B73B89B005F62DE /* content.js in Resources */ = {isa = PBXBuildFile; fileRef = 19174D222B73B89A005F62DE /* content.js */; };
		19174D2D2B73B8AB005F62DE /* _locales in Resources */ = {isa = PBXBuildFile; fileRef = 19174D2C2B73B8AB005F62DE /* _locales */; };
		19174D2F2B73B8B1005F62DE /* images in Resources */ = {isa = PBXBuildFile; fileRef = 19174D2E2B73B8B1005F62DE /* images */; };
		195260772B73BC7900FBE7BE /* SafariWebExtensionHandler.swift in Sources */ = {isa = PBXBuildFile; fileRef = 195260762B73BC7900FBE7BE /* SafariWebExtensionHandler.swift */; };
		196434272B74CFCC00FF7212 /* assets in Resources */ = {isa = PBXBuildFile; fileRef = 196434262B74CFCC00FF7212 /* assets */; };
		196434292B74CFD300FF7212 /* popup in Resources */ = {isa = PBXBuildFile; fileRef = 196434282B74CFD300FF7212 /* popup */; };
		196AF1712B73B02500945C40 /* PatronMediaDownloaderApp.swift in Sources */ = {isa = PBXBuildFile; fileRef = 196AF1702B73B02500945C40 /* PatronMediaDownloaderApp.swift */; };
		196AF1732B73B02500945C40 /* ContentView.swift in Sources */ = {isa = PBXBuildFile; fileRef = 196AF1722B73B02500945C40 /* ContentView.swift */; };
		196AF1752B73B02600945C40 /* Assets.xcassets in Resources */ = {isa = PBXBuildFile; fileRef = 196AF1742B73B02600945C40 /* Assets.xcassets */; };
		196AF1792B73B02600945C40 /* Preview Assets.xcassets in Resources */ = {isa = PBXBuildFile; fileRef = 196AF1782B73B02600945C40 /* Preview Assets.xcassets */; };
		196AF19C2B73B08900945C40 /* PatronMediaDownloader WebExtension.appex in Embed Foundation Extensions */ = {isa = PBXBuildFile; fileRef = 196AF1832B73B08900945C40 /* PatronMediaDownloader WebExtension.appex */; settings = {ATTRIBUTES = (RemoveHeadersOnCopy, ); }; };
/* End PBXBuildFile section */

/* Begin PBXContainerItemProxy section */
		196AF19A2B73B08900945C40 /* PBXContainerItemProxy */ = {
			isa = PBXContainerItemProxy;
			containerPortal = 196AF1652B73B02500945C40 /* Project object */;
			proxyType = 1;
			remoteGlobalIDString = 196AF1822B73B08900945C40;
			remoteInfo = "PatronMediaDownloader WebExtension";
		};
/* End PBXContainerItemProxy section */

/* Begin PBXCopyFilesBuildPhase section */
		196AF1A02B73B08900945C40 /* Embed Foundation Extensions */ = {
			isa = PBXCopyFilesBuildPhase;
			buildActionMask = 2147483647;
			dstPath = "";
			dstSubfolderSpec = 13;
			files = (
				196AF19C2B73B08900945C40 /* PatronMediaDownloader WebExtension.appex in Embed Foundation Extensions */,
			);
			name = "Embed Foundation Extensions";
			runOnlyForDeploymentPostprocessing = 0;
		};
/* End PBXCopyFilesBuildPhase section */

/* Begin PBXFileReference section */
		19174D152B73B891005F62DE /* src */ = {isa = PBXFileReference; lastKnownFileType = folder; name = src; path = ../../src; sourceTree = "<group>"; };
		19174D182B73B89A005F62DE /* background.js */ = {isa = PBXFileReference; fileEncoding = 4; lastKnownFileType = sourcecode.javascript; path = background.js; sourceTree = "<group>"; };
		19174D1D2B73B89A005F62DE /* manifest.json */ = {isa = PBXFileReference; fileEncoding = 4; lastKnownFileType = text.json; path = manifest.json; sourceTree = "<group>"; };
		19174D222B73B89A005F62DE /* content.js */ = {isa = PBXFileReference; fileEncoding = 4; lastKnownFileType = sourcecode.javascript; path = content.js; sourceTree = "<group>"; };
		19174D2C2B73B8AB005F62DE /* _locales */ = {isa = PBXFileReference; lastKnownFileType = folder; path = _locales; sourceTree = "<group>"; };
		19174D2E2B73B8B1005F62DE /* images */ = {isa = PBXFileReference; lastKnownFileType = folder; path = images; sourceTree = "<group>"; };
		195260762B73BC7900FBE7BE /* SafariWebExtensionHandler.swift */ = {isa = PBXFileReference; fileEncoding = 4; lastKnownFileType = sourcecode.swift; path = SafariWebExtensionHandler.swift; sourceTree = "<group>"; };
		196434262B74CFCC00FF7212 /* assets */ = {isa = PBXFileReference; lastKnownFileType = folder; path = assets; sourceTree = "<group>"; };
		196434282B74CFD300FF7212 /* popup */ = {isa = PBXFileReference; lastKnownFileType = folder; path = popup; sourceTree = "<group>"; };
		196AF16D2B73B02500945C40 /* PatronMediaDownloader.app */ = {isa = PBXFileReference; explicitFileType = wrapper.application; includeInIndex = 0; path = PatronMediaDownloader.app; sourceTree = BUILT_PRODUCTS_DIR; };
		196AF1702B73B02500945C40 /* PatronMediaDownloaderApp.swift */ = {isa = PBXFileReference; lastKnownFileType = sourcecode.swift; path = PatronMediaDownloaderApp.swift; sourceTree = "<group>"; };
		196AF1722B73B02500945C40 /* ContentView.swift */ = {isa = PBXFileReference; lastKnownFileType = sourcecode.swift; path = ContentView.swift; sourceTree = "<group>"; };
		196AF1742B73B02600945C40 /* Assets.xcassets */ = {isa = PBXFileReference; lastKnownFileType = folder.assetcatalog; path = Assets.xcassets; sourceTree = "<group>"; };
		196AF1782B73B02600945C40 /* Preview Assets.xcassets */ = {isa = PBXFileReference; lastKnownFileType = folder.assetcatalog; path = "Preview Assets.xcassets"; sourceTree = "<group>"; };
		196AF1832B73B08900945C40 /* PatronMediaDownloader WebExtension.appex */ = {isa = PBXFileReference; explicitFileType = "wrapper.app-extension"; includeInIndex = 0; path = "PatronMediaDownloader WebExtension.appex"; sourceTree = BUILT_PRODUCTS_DIR; };
		196AF1982B73B08900945C40 /* Info.plist */ = {isa = PBXFileReference; lastKnownFileType = text.plist.xml; path = Info.plist; sourceTree = "<group>"; };
		19737D0F2B771ACE00F70069 /* Info.plist */ = {isa = PBXFileReference; lastKnownFileType = text.plist; path = Info.plist; sourceTree = "<group>"; };
		19BC7B8A2B85EE10000C58AB /* ci_scripts */ = {isa = PBXFileReference; lastKnownFileType = folder; path = ci_scripts; sourceTree = "<group>"; };
/* End PBXFileReference section */

/* Begin PBXFrameworksBuildPhase section */
		196AF16A2B73B02500945C40 /* Frameworks */ = {
			isa = PBXFrameworksBuildPhase;
			buildActionMask = 2147483647;
			files = (
			);
			runOnlyForDeploymentPostprocessing = 0;
		};
		196AF1802B73B08900945C40 /* Frameworks */ = {
			isa = PBXFrameworksBuildPhase;
			buildActionMask = 2147483647;
			files = (
			);
			runOnlyForDeploymentPostprocessing = 0;
		};
/* End PBXFrameworksBuildPhase section */

/* Begin PBXGroup section */
		19174D162B73B89A005F62DE /* dist */ = {
			isa = PBXGroup;
			children = (
				19174D2C2B73B8AB005F62DE /* _locales */,
				196434262B74CFCC00FF7212 /* assets */,
				19174D2E2B73B8B1005F62DE /* images */,
				196434282B74CFD300FF7212 /* popup */,
				19174D182B73B89A005F62DE /* background.js */,
				19174D222B73B89A005F62DE /* content.js */,
				19174D1D2B73B89A005F62DE /* manifest.json */,
			);
			name = dist;
			path = ../../dist;
			sourceTree = "<group>";
		};
		196AF1642B73B02500945C40 = {
			isa = PBXGroup;
			children = (
				19BC7B8A2B85EE10000C58AB /* ci_scripts */,
				196AF16F2B73B02500945C40 /* PatronMediaDownloader */,
				196AF1842B73B08900945C40 /* PatronMediaDownloader WebExtension */,
				196AF16E2B73B02500945C40 /* Products */,
			);
			sourceTree = "<group>";
		};
		196AF16E2B73B02500945C40 /* Products */ = {
			isa = PBXGroup;
			children = (
				196AF16D2B73B02500945C40 /* PatronMediaDownloader.app */,
				196AF1832B73B08900945C40 /* PatronMediaDownloader WebExtension.appex */,
			);
			name = Products;
			sourceTree = "<group>";
		};
		196AF16F2B73B02500945C40 /* PatronMediaDownloader */ = {
			isa = PBXGroup;
			children = (
				196AF1702B73B02500945C40 /* PatronMediaDownloaderApp.swift */,
				196AF1722B73B02500945C40 /* ContentView.swift */,
				196AF1742B73B02600945C40 /* Assets.xcassets */,
				19737D0F2B771ACE00F70069 /* Info.plist */,
				196AF1772B73B02600945C40 /* Preview Content */,
			);
			path = PatronMediaDownloader;
			sourceTree = "<group>";
		};
		196AF1772B73B02600945C40 /* Preview Content */ = {
			isa = PBXGroup;
			children = (
				196AF1782B73B02600945C40 /* Preview Assets.xcassets */,
			);
			path = "Preview Content";
			sourceTree = "<group>";
		};
		196AF1842B73B08900945C40 /* PatronMediaDownloader WebExtension */ = {
			isa = PBXGroup;
			children = (
				195260762B73BC7900FBE7BE /* SafariWebExtensionHandler.swift */,
				196AF1982B73B08900945C40 /* Info.plist */,
				19174D152B73B891005F62DE /* src */,
				19174D162B73B89A005F62DE /* dist */,
			);
			path = "PatronMediaDownloader WebExtension";
			sourceTree = "<group>";
		};
/* End PBXGroup section */

/* Begin PBXNativeTarget section */
		196AF16C2B73B02500945C40 /* PatronMediaDownloader */ = {
			isa = PBXNativeTarget;
			buildConfigurationList = 196AF17C2B73B02600945C40 /* Build configuration list for PBXNativeTarget "PatronMediaDownloader" */;
			buildPhases = (
				196AF1692B73B02500945C40 /* Sources */,
				196AF16A2B73B02500945C40 /* Frameworks */,
				196AF16B2B73B02500945C40 /* Resources */,
				196AF1A02B73B08900945C40 /* Embed Foundation Extensions */,
			);
			buildRules = (
			);
			dependencies = (
				196AF19B2B73B08900945C40 /* PBXTargetDependency */,
			);
			name = PatronMediaDownloader;
			productName = PatronMediaDownloader;
			productReference = 196AF16D2B73B02500945C40 /* PatronMediaDownloader.app */;
			productType = "com.apple.product-type.application";
		};
		196AF1822B73B08900945C40 /* PatronMediaDownloader WebExtension */ = {
			isa = PBXNativeTarget;
			buildConfigurationList = 196AF19D2B73B08900945C40 /* Build configuration list for PBXNativeTarget "PatronMediaDownloader WebExtension" */;
			buildPhases = (
				196AF17F2B73B08900945C40 /* Sources */,
				196AF1802B73B08900945C40 /* Frameworks */,
				19D6CAD42B73B9EF00772B83 /* Build With Webpack */,
				196AF1812B73B08900945C40 /* Resources */,
			);
			buildRules = (
			);
			dependencies = (
			);
			name = "PatronMediaDownloader WebExtension";
			productName = "PatronMediaDownloader WebExtension";
			productReference = 196AF1832B73B08900945C40 /* PatronMediaDownloader WebExtension.appex */;
			productType = "com.apple.product-type.app-extension";
		};
/* End PBXNativeTarget section */

/* Begin PBXProject section */
		196AF1652B73B02500945C40 /* Project object */ = {
			isa = PBXProject;
			attributes = {
				BuildIndependentTargetsInParallel = 1;
				LastSwiftUpdateCheck = 1520;
				LastUpgradeCheck = 1520;
				TargetAttributes = {
					196AF16C2B73B02500945C40 = {
						CreatedOnToolsVersion = 15.2;
					};
					196AF1822B73B08900945C40 = {
						CreatedOnToolsVersion = 15.2;
						LastSwiftMigration = 1520;
					};
				};
			};
			buildConfigurationList = 196AF1682B73B02500945C40 /* Build configuration list for PBXProject "PatronMediaDownloader" */;
			compatibilityVersion = "Xcode 14.0";
			developmentRegion = en;
			hasScannedForEncodings = 0;
			knownRegions = (
				en,
				Base,
			);
			mainGroup = 196AF1642B73B02500945C40;
			productRefGroup = 196AF16E2B73B02500945C40 /* Products */;
			projectDirPath = "";
			projectRoot = "";
			targets = (
				196AF16C2B73B02500945C40 /* PatronMediaDownloader */,
				196AF1822B73B08900945C40 /* PatronMediaDownloader WebExtension */,
			);
		};
/* End PBXProject section */

/* Begin PBXResourcesBuildPhase section */
		196AF16B2B73B02500945C40 /* Resources */ = {
			isa = PBXResourcesBuildPhase;
			buildActionMask = 2147483647;
			files = (
				196AF1792B73B02600945C40 /* Preview Assets.xcassets in Resources */,
				196AF1752B73B02600945C40 /* Assets.xcassets in Resources */,
			);
			runOnlyForDeploymentPostprocessing = 0;
		};
		196AF1812B73B08900945C40 /* Resources */ = {
			isa = PBXResourcesBuildPhase;
			buildActionMask = 2147483647;
			files = (
				19174D2D2B73B8AB005F62DE /* _locales in Resources */,
				19174D242B73B89A005F62DE /* background.js in Resources */,
				196434272B74CFCC00FF7212 /* assets in Resources */,
				19174D282B73B89A005F62DE /* manifest.json in Resources */,
				196434292B74CFD300FF7212 /* popup in Resources */,
				19174D2F2B73B8B1005F62DE /* images in Resources */,
				19174D2B2B73B89B005F62DE /* content.js in Resources */,
			);
			runOnlyForDeploymentPostprocessing = 0;
		};
/* End PBXResourcesBuildPhase section */

/* Begin PBXShellScriptBuildPhase section */
		19D6CAD42B73B9EF00772B83 /* Build With Webpack */ = {
			isa = PBXShellScriptBuildPhase;
			alwaysOutOfDate = 1;
			buildActionMask = 2147483647;
			files = (
			);
			inputFileListPaths = (
			);
			inputPaths = (
			);
			name = "Build With Webpack";
			outputFileListPaths = (
			);
			outputPaths = (
				"$(SRCROOT)/../dist/_locales",
				"$(SRCROOT)/../dist/images",
				"$(SRCROOT)/../dist/manifest.json",
				"$(SRCROOT)/../dist/background.js",
				"$(SRCROOT)/../dist/content.js",
				"$(SRCROOT)/../dist/popup.css",
				"$(SRCROOT)/../dist/popup.html",
				"$(SRCROOT)/../dist/popup.js",
			);
			runOnlyForDeploymentPostprocessing = 0;
			shellPath = /bin/sh;
			shellScript = "if [[ ! -z \"$CI\" ]]; then\n    export PATH=\"/$HOME/.nodenv/bin:$PATH\"\nelif [[ \"$(uname -m)\" == arm64 ]]; then\n    export PATH=\"/opt/homebrew/bin:$PATH\"\nfi\n\nif [ -x \"$(command -v nodenv)\" ]; then\n    npm=\"nodenv exec npm\"\nelse\n    npm=\"nodenv exec npm\"\nfi\n\ncd ..\n\nif [ \"${CONFIGURATION}\" = \"Debug\" ]; then\nmode=\"--mode development\"\nelif [ \"${CONFIGURATION}\" = \"Release\" ]; then\nmode=\"--mode production\"\nfi\n\n${npm} run build -- ${mode}\n";
		};
/* End PBXShellScriptBuildPhase section */

/* Begin PBXSourcesBuildPhase section */
		196AF1692B73B02500945C40 /* Sources */ = {
			isa = PBXSourcesBuildPhase;
			buildActionMask = 2147483647;
			files = (
				196AF1732B73B02500945C40 /* ContentView.swift in Sources */,
				196AF1712B73B02500945C40 /* PatronMediaDownloaderApp.swift in Sources */,
			);
			runOnlyForDeploymentPostprocessing = 0;
		};
		196AF17F2B73B08900945C40 /* Sources */ = {
			isa = PBXSourcesBuildPhase;
			buildActionMask = 2147483647;
			files = (
				195260772B73BC7900FBE7BE /* SafariWebExtensionHandler.swift in Sources */,
			);
			runOnlyForDeploymentPostprocessing = 0;
		};
/* End PBXSourcesBuildPhase section */

/* Begin PBXTargetDependency section */
		196AF19B2B73B08900945C40 /* PBXTargetDependency */ = {
			isa = PBXTargetDependency;
			target = 196AF1822B73B08900945C40 /* PatronMediaDownloader WebExtension */;
			targetProxy = 196AF19A2B73B08900945C40 /* PBXContainerItemProxy */;
		};
/* End PBXTargetDependency section */

/* Begin XCBuildConfiguration section */
		196AF17A2B73B02600945C40 /* Debug */ = {
			isa = XCBuildConfiguration;
			buildSettings = {
				ALWAYS_SEARCH_USER_PATHS = NO;
				ASSETCATALOG_COMPILER_GENERATE_SWIFT_ASSET_SYMBOL_EXTENSIONS = YES;
				CLANG_ANALYZER_NONNULL = YES;
				CLANG_ANALYZER_NUMBER_OBJECT_CONVERSION = YES_AGGRESSIVE;
				CLANG_CXX_LANGUAGE_STANDARD = "gnu++20";
				CLANG_ENABLE_MODULES = YES;
				CLANG_ENABLE_OBJC_ARC = YES;
				CLANG_ENABLE_OBJC_WEAK = YES;
				CLANG_WARN_BLOCK_CAPTURE_AUTORELEASING = YES;
				CLANG_WARN_BOOL_CONVERSION = YES;
				CLANG_WARN_COMMA = YES;
				CLANG_WARN_CONSTANT_CONVERSION = YES;
				CLANG_WARN_DEPRECATED_OBJC_IMPLEMENTATIONS = YES;
				CLANG_WARN_DIRECT_OBJC_ISA_USAGE = YES_ERROR;
				CLANG_WARN_DOCUMENTATION_COMMENTS = YES;
				CLANG_WARN_EMPTY_BODY = YES;
				CLANG_WARN_ENUM_CONVERSION = YES;
				CLANG_WARN_INFINITE_RECURSION = YES;
				CLANG_WARN_INT_CONVERSION = YES;
				CLANG_WARN_NON_LITERAL_NULL_CONVERSION = YES;
				CLANG_WARN_OBJC_IMPLICIT_RETAIN_SELF = YES;
				CLANG_WARN_OBJC_LITERAL_CONVERSION = YES;
				CLANG_WARN_OBJC_ROOT_CLASS = YES_ERROR;
				CLANG_WARN_QUOTED_INCLUDE_IN_FRAMEWORK_HEADER = YES;
				CLANG_WARN_RANGE_LOOP_ANALYSIS = YES;
				CLANG_WARN_STRICT_PROTOTYPES = YES;
				CLANG_WARN_SUSPICIOUS_MOVE = YES;
				CLANG_WARN_UNGUARDED_AVAILABILITY = YES_AGGRESSIVE;
				CLANG_WARN_UNREACHABLE_CODE = YES;
				CLANG_WARN__DUPLICATE_METHOD_MATCH = YES;
				COPY_PHASE_STRIP = NO;
				CURRENT_PROJECT_VERSION = 0;
				DEBUG_INFORMATION_FORMAT = dwarf;
				"ENABLE_APP_SANDBOX[sdk=macosx*]" = YES;
				ENABLE_HARDENED_RUNTIME = YES;
				ENABLE_STRICT_OBJC_MSGSEND = YES;
				ENABLE_TESTABILITY = YES;
				ENABLE_USER_SCRIPT_SANDBOXING = YES;
				GCC_C_LANGUAGE_STANDARD = gnu17;
				GCC_DYNAMIC_NO_PIC = NO;
				GCC_NO_COMMON_BLOCKS = YES;
				GCC_OPTIMIZATION_LEVEL = 0;
				GCC_PREPROCESSOR_DEFINITIONS = (
					"DEBUG=1",
					"$(inherited)",
				);
				GCC_WARN_64_TO_32_BIT_CONVERSION = YES;
				GCC_WARN_ABOUT_RETURN_TYPE = YES_ERROR;
				GCC_WARN_UNDECLARED_SELECTOR = YES;
				GCC_WARN_UNINITIALIZED_AUTOS = YES_AGGRESSIVE;
				GCC_WARN_UNUSED_FUNCTION = YES;
				GCC_WARN_UNUSED_VARIABLE = YES;
				INFOPLIST_KEY_LSApplicationCategoryType = "public.app-category.utilities";
				IPHONEOS_DEPLOYMENT_TARGET = 15.0;
				LOCALIZATION_PREFERS_STRING_CATALOGS = YES;
				MACOSX_DEPLOYMENT_TARGET = 12.0;
				MARKETING_VERSION = 0.9.1;
				MTL_ENABLE_DEBUG_INFO = INCLUDE_SOURCE;
				MTL_FAST_MATH = YES;
				ONLY_ACTIVE_ARCH = YES;
				RUN_CLANG_STATIC_ANALYZER = YES;
				SDKROOT = auto;
				SWIFT_ACTIVE_COMPILATION_CONDITIONS = "DEBUG $(inherited)";
				SWIFT_OPTIMIZATION_LEVEL = "-Onone";
			};
			name = Debug;
		};
		196AF17B2B73B02600945C40 /* Release */ = {
			isa = XCBuildConfiguration;
			buildSettings = {
				ALWAYS_SEARCH_USER_PATHS = NO;
				ASSETCATALOG_COMPILER_GENERATE_SWIFT_ASSET_SYMBOL_EXTENSIONS = YES;
				CLANG_ANALYZER_NONNULL = YES;
				CLANG_ANALYZER_NUMBER_OBJECT_CONVERSION = YES_AGGRESSIVE;
				CLANG_CXX_LANGUAGE_STANDARD = "gnu++20";
				CLANG_ENABLE_MODULES = YES;
				CLANG_ENABLE_OBJC_ARC = YES;
				CLANG_ENABLE_OBJC_WEAK = YES;
				CLANG_WARN_BLOCK_CAPTURE_AUTORELEASING = YES;
				CLANG_WARN_BOOL_CONVERSION = YES;
				CLANG_WARN_COMMA = YES;
				CLANG_WARN_CONSTANT_CONVERSION = YES;
				CLANG_WARN_DEPRECATED_OBJC_IMPLEMENTATIONS = YES;
				CLANG_WARN_DIRECT_OBJC_ISA_USAGE = YES_ERROR;
				CLANG_WARN_DOCUMENTATION_COMMENTS = YES;
				CLANG_WARN_EMPTY_BODY = YES;
				CLANG_WARN_ENUM_CONVERSION = YES;
				CLANG_WARN_INFINITE_RECURSION = YES;
				CLANG_WARN_INT_CONVERSION = YES;
				CLANG_WARN_NON_LITERAL_NULL_CONVERSION = YES;
				CLANG_WARN_OBJC_IMPLICIT_RETAIN_SELF = YES;
				CLANG_WARN_OBJC_LITERAL_CONVERSION = YES;
				CLANG_WARN_OBJC_ROOT_CLASS = YES_ERROR;
				CLANG_WARN_QUOTED_INCLUDE_IN_FRAMEWORK_HEADER = YES;
				CLANG_WARN_RANGE_LOOP_ANALYSIS = YES;
				CLANG_WARN_STRICT_PROTOTYPES = YES;
				CLANG_WARN_SUSPICIOUS_MOVE = YES;
				CLANG_WARN_UNGUARDED_AVAILABILITY = YES_AGGRESSIVE;
				CLANG_WARN_UNREACHABLE_CODE = YES;
				CLANG_WARN__DUPLICATE_METHOD_MATCH = YES;
				COPY_PHASE_STRIP = NO;
				CURRENT_PROJECT_VERSION = 0;
				DEBUG_INFORMATION_FORMAT = "dwarf-with-dsym";
				"ENABLE_APP_SANDBOX[sdk=macosx*]" = YES;
				ENABLE_HARDENED_RUNTIME = YES;
				ENABLE_NS_ASSERTIONS = NO;
				ENABLE_STRICT_OBJC_MSGSEND = YES;
				ENABLE_USER_SCRIPT_SANDBOXING = YES;
				GCC_C_LANGUAGE_STANDARD = gnu17;
				GCC_NO_COMMON_BLOCKS = YES;
				GCC_WARN_64_TO_32_BIT_CONVERSION = YES;
				GCC_WARN_ABOUT_RETURN_TYPE = YES_ERROR;
				GCC_WARN_UNDECLARED_SELECTOR = YES;
				GCC_WARN_UNINITIALIZED_AUTOS = YES_AGGRESSIVE;
				GCC_WARN_UNUSED_FUNCTION = YES;
				GCC_WARN_UNUSED_VARIABLE = YES;
				INFOPLIST_KEY_LSApplicationCategoryType = "public.app-category.utilities";
				IPHONEOS_DEPLOYMENT_TARGET = 15.0;
				LOCALIZATION_PREFERS_STRING_CATALOGS = YES;
				MACOSX_DEPLOYMENT_TARGET = 12.0;
				MARKETING_VERSION = 0.9.1;
				MTL_ENABLE_DEBUG_INFO = NO;
				MTL_FAST_MATH = YES;
				RUN_CLANG_STATIC_ANALYZER = YES;
				SDKROOT = auto;
				SWIFT_COMPILATION_MODE = wholemodule;
			};
			name = Release;
		};
		196AF17D2B73B02600945C40 /* Debug */ = {
			isa = XCBuildConfiguration;
			buildSettings = {
				ALWAYS_EMBED_SWIFT_STANDARD_LIBRARIES = YES;
				ASSETCATALOG_COMPILER_APPICON_NAME = AppIcon;
				ASSETCATALOG_COMPILER_GLOBAL_ACCENT_COLOR_NAME = AccentColor;
				CODE_SIGN_IDENTITY = "Apple Development";
				CODE_SIGN_STYLE = Automatic;
				DEVELOPMENT_ASSET_PATHS = "\"PatronMediaDownloader/Preview Content\"";
				DEVELOPMENT_TEAM = 83XZ8ZBS6L;
				ENABLE_PREVIEWS = YES;
				GENERATE_INFOPLIST_FILE = YES;
				INFOPLIST_FILE = PatronMediaDownloader/Info.plist;
				INFOPLIST_KEY_LSApplicationCategoryType = "public.app-category.utilities";
				"INFOPLIST_KEY_UIApplicationSceneManifest_Generation[sdk=iphoneos*]" = YES;
				"INFOPLIST_KEY_UIApplicationSceneManifest_Generation[sdk=iphonesimulator*]" = YES;
				"INFOPLIST_KEY_UIApplicationSupportsIndirectInputEvents[sdk=iphoneos*]" = YES;
				"INFOPLIST_KEY_UIApplicationSupportsIndirectInputEvents[sdk=iphonesimulator*]" = YES;
				"INFOPLIST_KEY_UILaunchScreen_Generation[sdk=iphoneos*]" = YES;
				"INFOPLIST_KEY_UILaunchScreen_Generation[sdk=iphonesimulator*]" = YES;
				"INFOPLIST_KEY_UIStatusBarStyle[sdk=iphoneos*]" = UIStatusBarStyleDefault;
				"INFOPLIST_KEY_UIStatusBarStyle[sdk=iphonesimulator*]" = UIStatusBarStyleDefault;
				INFOPLIST_KEY_UISupportedInterfaceOrientations_iPad = "UIInterfaceOrientationPortrait UIInterfaceOrientationPortraitUpsideDown UIInterfaceOrientationLandscapeLeft UIInterfaceOrientationLandscapeRight";
				INFOPLIST_KEY_UISupportedInterfaceOrientations_iPhone = "UIInterfaceOrientationPortrait UIInterfaceOrientationLandscapeLeft UIInterfaceOrientationLandscapeRight";
				LD_RUNPATH_SEARCH_PATHS = "@executable_path/Frameworks";
				"LD_RUNPATH_SEARCH_PATHS[sdk=macosx*]" = "@executable_path/../Frameworks";
				PRODUCT_BUNDLE_IDENTIFIER = io.sinoru.PatronMediaDownloader;
				PRODUCT_NAME = "$(TARGET_NAME)";
				SUPPORTED_PLATFORMS = "iphoneos iphonesimulator macosx";
				SUPPORTS_MACCATALYST = NO;
				SWIFT_EMIT_LOC_STRINGS = YES;
				SWIFT_VERSION = 5.0;
				TARGETED_DEVICE_FAMILY = "1,2";
			};
			name = Debug;
		};
		196AF17E2B73B02600945C40 /* Release */ = {
			isa = XCBuildConfiguration;
			buildSettings = {
				ALWAYS_EMBED_SWIFT_STANDARD_LIBRARIES = YES;
				ASSETCATALOG_COMPILER_APPICON_NAME = AppIcon;
				ASSETCATALOG_COMPILER_GLOBAL_ACCENT_COLOR_NAME = AccentColor;
				CODE_SIGN_IDENTITY = "Apple Development";
				CODE_SIGN_STYLE = Automatic;
				DEVELOPMENT_ASSET_PATHS = "\"PatronMediaDownloader/Preview Content\"";
				DEVELOPMENT_TEAM = 83XZ8ZBS6L;
				ENABLE_PREVIEWS = YES;
				GENERATE_INFOPLIST_FILE = YES;
				INFOPLIST_FILE = PatronMediaDownloader/Info.plist;
				INFOPLIST_KEY_LSApplicationCategoryType = "public.app-category.utilities";
				"INFOPLIST_KEY_UIApplicationSceneManifest_Generation[sdk=iphoneos*]" = YES;
				"INFOPLIST_KEY_UIApplicationSceneManifest_Generation[sdk=iphonesimulator*]" = YES;
				"INFOPLIST_KEY_UIApplicationSupportsIndirectInputEvents[sdk=iphoneos*]" = YES;
				"INFOPLIST_KEY_UIApplicationSupportsIndirectInputEvents[sdk=iphonesimulator*]" = YES;
				"INFOPLIST_KEY_UILaunchScreen_Generation[sdk=iphoneos*]" = YES;
				"INFOPLIST_KEY_UILaunchScreen_Generation[sdk=iphonesimulator*]" = YES;
				"INFOPLIST_KEY_UIStatusBarStyle[sdk=iphoneos*]" = UIStatusBarStyleDefault;
				"INFOPLIST_KEY_UIStatusBarStyle[sdk=iphonesimulator*]" = UIStatusBarStyleDefault;
				INFOPLIST_KEY_UISupportedInterfaceOrientations_iPad = "UIInterfaceOrientationPortrait UIInterfaceOrientationPortraitUpsideDown UIInterfaceOrientationLandscapeLeft UIInterfaceOrientationLandscapeRight";
				INFOPLIST_KEY_UISupportedInterfaceOrientations_iPhone = "UIInterfaceOrientationPortrait UIInterfaceOrientationLandscapeLeft UIInterfaceOrientationLandscapeRight";
				LD_RUNPATH_SEARCH_PATHS = "@executable_path/Frameworks";
				"LD_RUNPATH_SEARCH_PATHS[sdk=macosx*]" = "@executable_path/../Frameworks";
				PRODUCT_BUNDLE_IDENTIFIER = io.sinoru.PatronMediaDownloader;
				PRODUCT_NAME = "$(TARGET_NAME)";
				SUPPORTED_PLATFORMS = "iphoneos iphonesimulator macosx";
				SUPPORTS_MACCATALYST = NO;
				SWIFT_EMIT_LOC_STRINGS = YES;
				SWIFT_VERSION = 5.0;
				TARGETED_DEVICE_FAMILY = "1,2";
			};
			name = Release;
		};
		196AF19E2B73B08900945C40 /* Debug */ = {
			isa = XCBuildConfiguration;
			buildSettings = {
				CLANG_ENABLE_MODULES = YES;
				CODE_SIGN_IDENTITY = "Apple Development";
				CODE_SIGN_STYLE = Automatic;
				DEVELOPMENT_TEAM = 83XZ8ZBS6L;
				GENERATE_INFOPLIST_FILE = YES;
				INFOPLIST_FILE = "PatronMediaDownloader WebExtension/Info.plist";
				INFOPLIST_KEY_CFBundleDisplayName = "PatronMediaDownloader WebExtension";
				INFOPLIST_KEY_NSHumanReadableCopyright = "";
				LD_RUNPATH_SEARCH_PATHS = (
					"$(inherited)",
					"@executable_path/../Frameworks",
					"@executable_path/../../../../Frameworks",
				);
				OTHER_LDFLAGS = (
					"-framework",
					SafariServices,
				);
				PRODUCT_BUNDLE_IDENTIFIER = io.sinoru.PatronMediaDownloader.WebExtension;
				PRODUCT_NAME = "$(TARGET_NAME)";
				SKIP_INSTALL = YES;
				SUPPORTED_PLATFORMS = "iphoneos iphonesimulator macosx";
				SUPPORTS_MACCATALYST = NO;
				SWIFT_EMIT_LOC_STRINGS = YES;
				SWIFT_OPTIMIZATION_LEVEL = "-Onone";
				SWIFT_VERSION = 5.0;
				TARGETED_DEVICE_FAMILY = "1,2";
			};
			name = Debug;
		};
		196AF19F2B73B08900945C40 /* Release */ = {
			isa = XCBuildConfiguration;
			buildSettings = {
				CLANG_ENABLE_MODULES = YES;
				CODE_SIGN_IDENTITY = "Apple Development";
				CODE_SIGN_STYLE = Automatic;
				DEVELOPMENT_TEAM = 83XZ8ZBS6L;
				GENERATE_INFOPLIST_FILE = YES;
				INFOPLIST_FILE = "PatronMediaDownloader WebExtension/Info.plist";
				INFOPLIST_KEY_CFBundleDisplayName = "PatronMediaDownloader WebExtension";
				INFOPLIST_KEY_NSHumanReadableCopyright = "";
				LD_RUNPATH_SEARCH_PATHS = (
					"$(inherited)",
					"@executable_path/../Frameworks",
					"@executable_path/../../../../Frameworks",
				);
				OTHER_LDFLAGS = (
					"-framework",
					SafariServices,
				);
				PRODUCT_BUNDLE_IDENTIFIER = io.sinoru.PatronMediaDownloader.WebExtension;
				PRODUCT_NAME = "$(TARGET_NAME)";
				SKIP_INSTALL = YES;
				SUPPORTED_PLATFORMS = "iphoneos iphonesimulator macosx";
				SUPPORTS_MACCATALYST = NO;
				SWIFT_EMIT_LOC_STRINGS = YES;
				SWIFT_VERSION = 5.0;
				TARGETED_DEVICE_FAMILY = "1,2";
			};
			name = Release;
		};
/* End XCBuildConfiguration section */

/* Begin XCConfigurationList section */
		196AF1682B73B02500945C40 /* Build configuration list for PBXProject "PatronMediaDownloader" */ = {
			isa = XCConfigurationList;
			buildConfigurations = (
				196AF17A2B73B02600945C40 /* Debug */,
				196AF17B2B73B02600945C40 /* Release */,
			);
			defaultConfigurationIsVisible = 0;
			defaultConfigurationName = Release;
		};
		196AF17C2B73B02600945C40 /* Build configuration list for PBXNativeTarget "PatronMediaDownloader" */ = {
			isa = XCConfigurationList;
			buildConfigurations = (
				196AF17D2B73B02600945C40 /* Debug */,
				196AF17E2B73B02600945C40 /* Release */,
			);
			defaultConfigurationIsVisible = 0;
			defaultConfigurationName = Release;
		};
		196AF19D2B73B08900945C40 /* Build configuration list for PBXNativeTarget "PatronMediaDownloader WebExtension" */ = {
			isa = XCConfigurationList;
			buildConfigurations = (
				196AF19E2B73B08900945C40 /* Debug */,
				196AF19F2B73B08900945C40 /* Release */,
			);
			defaultConfigurationIsVisible = 0;
			defaultConfigurationName = Release;
		};
/* End XCConfigurationList section */
	};
	rootObject = 196AF1652B73B02500945C40 /* Project object */;
}
